<?xml version="1.0" encoding="utf-8"?>
<Project ToolsVersion="4.0" xmlns="http://schemas.microsoft.com/developer/msbuild/2003">
  <ItemGroup>
    <Filter Include="Source Files">
      <UniqueIdentifier>{4FC737F1-C7A5-4376-A066-2A32D752A2FF}</UniqueIdentifier>
      <Extensions>cpp;c;cc;cxx;def;odl;idl;hpj;bat;asm;asmx</Extensions>
    </Filter>
    <Filter Include="Header Files">
      <UniqueIdentifier>{93995380-89BD-4b04-88EB-625FBE52EBFB}</UniqueIdentifier>
      <Extensions>h;hh;hpp;hxx;hm;inl;inc;xsd</Extensions>
    </Filter>
    <Filter Include="Resource Files">
      <UniqueIdentifier>{67DA6AB6-F800-4c08-8B7A-83BB121AAD01}</UniqueIdentifier>
      <Extensions>rc;ico;cur;bmp;dlg;rc2;rct;bin;rgs;gif;jpg;jpeg;jpe;resx;tiff;tif;png;wav;mfcribbon-ms</Extensions>
    </Filter>
    <Filter Include="Resource Files\Shaders">
      <UniqueIdentifier>{c40f0bb4-93c1-429e-b28f-e3763ca3c156}</UniqueIdentifier>
    </Filter>
    <Filter Include="Header Files\Engine">
      <UniqueIdentifier>{526b9528-b9cb-42d8-a27e-3df1f64d285e}</UniqueIdentifier>
    </Filter>
    <Filter Include="Header Files\Engine\Textures">
      <UniqueIdentifier>{dedade9d-b8a4-4d79-b1a7-49bcc5de96e2}</UniqueIdentifier>
    </Filter>
    <Filter Include="Header Files\Engine\Models">
      <UniqueIdentifier>{c8cf090f-3cc2-43bd-a8b9-25ab689937be}</UniqueIdentifier>
    </Filter>
    <Filter Include="Header Files\Engine\Managers">
      <UniqueIdentifier>{90891c95-4e3c-4a83-b0b7-432af389ac1c}</UniqueIdentifier>
    </Filter>
    <Filter Include="Header Files\Engine\Init">
      <UniqueIdentifier>{3bbbd268-f562-4c1a-9fce-0ac5ee18e6e9}</UniqueIdentifier>
    </Filter>
    <Filter Include="Source Files\Engine">
      <UniqueIdentifier>{cf049699-0b40-41d2-8217-99cbed71788e}</UniqueIdentifier>
    </Filter>
    <Filter Include="Source Files\Engine\Textures">
      <UniqueIdentifier>{9bfc9ff2-e145-4c60-9e16-eefc716addc0}</UniqueIdentifier>
    </Filter>
    <Filter Include="Source Files\Engine\Models">
      <UniqueIdentifier>{38b8a631-c851-4a9a-9231-6e7671c9bd93}</UniqueIdentifier>
    </Filter>
    <Filter Include="Source Files\Engine\Managers">
      <UniqueIdentifier>{254f60f5-d69d-4fcc-ae33-d7094fc3dd29}</UniqueIdentifier>
    </Filter>
    <Filter Include="Source Files\Engine\Init">
      <UniqueIdentifier>{89bd342c-4e18-4db6-9d80-a40cea4ac180}</UniqueIdentifier>
    </Filter>
    <Filter Include="Source Files\DrawCube">
      <UniqueIdentifier>{2b4f3178-7742-4023-8e2a-6f693627ac6a}</UniqueIdentifier>
    </Filter>
    <Filter Include="Header Files\DrawCube">
      <UniqueIdentifier>{e4fa7e0b-6149-4728-93e2-68032571dba1}</UniqueIdentifier>
    </Filter>
    <Filter Include="Header Files\DrawCube\Models">
      <UniqueIdentifier>{edffafb4-ed92-427c-a6fc-65105d7a1b24}</UniqueIdentifier>
    </Filter>
    <Filter Include="Source Files\DrawCube\Models">
      <UniqueIdentifier>{1eda7eba-df4b-4a86-b02c-14f90d58c7de}</UniqueIdentifier>
    </Filter>
  </ItemGroup>
  <ItemGroup>
    <None Include="packages.config" />
    <None Include="Fragment_Shader.glsl">
      <Filter>Resource Files\Shaders</Filter>
    </None>
    <None Include="Vertex_Shader.glsl">
      <Filter>Resource Files\Shaders</Filter>
    </None>
    <None Include="Cube_Vertex_Shader.glsl">
      <Filter>Resource Files\Shaders</Filter>
    </None>
    <None Include="Cube_Texture_Vertex_Shader.glsl">
      <Filter>Resource Files\Shaders</Filter>
    </None>
    <None Include="Texture_Vertex_Shader.glsl">
      <Filter>Resource Files\Shaders</Filter>
    </None>
    <None Include="Texture_Fragment_Shader.glsl">
      <Filter>Resource Files\Shaders</Filter>
    </None>
  </ItemGroup>
  <ItemGroup>
    <ClCompile Include="InitGlew.cpp">
      <Filter>Source Files\Engine\Init</Filter>
    </ClCompile>
    <ClCompile Include="InitGlut.cpp">
      <Filter>Source Files\Engine\Init</Filter>
    </ClCompile>
    <ClCompile Include="Model.cpp">
      <Filter>Source Files\Engine\Models</Filter>
    </ClCompile>
    <ClCompile Include="Triangle.cpp">
      <Filter>Source Files\Engine\Models</Filter>
    </ClCompile>
    <ClCompile Include="ModelsManager.cpp">
      <Filter>Source Files\Engine\Managers</Filter>
    </ClCompile>
    <ClCompile Include="SceneManager.cpp">
      <Filter>Source Files\Engine\Managers</Filter>
    </ClCompile>
    <ClCompile Include="ShaderManager.cpp">
      <Filter>Source Files\Engine\Managers</Filter>
    </ClCompile>
    <ClCompile Include="Quad.cpp">
      <Filter>Source Files\Engine\Models</Filter>
    </ClCompile>
    <ClCompile Include="TextureLoader.cpp">
      <Filter>Source Files\Engine\Textures</Filter>
    </ClCompile>
    <ClCompile Include="Engine.cpp">
      <Filter>Source Files\Engine</Filter>
    </ClCompile>
    <ClCompile Include="main.cpp">
      <Filter>Source Files</Filter>
    </ClCompile>
    <ClCompile Include="Cube.cpp">
      <Filter>Source Files\DrawCube\Models</Filter>
    </ClCompile>
    <ClCompile Include="IndexedCube.cpp">
      <Filter>Source Files\DrawCube\Models</Filter>
    </ClCompile>
    <ClCompile Include="CubeTexture.cpp">
      <Filter>Source Files\DrawCube\Models</Filter>
    </ClCompile>
  </ItemGroup>
  <ItemGroup>
    <Text Include="openGlSetup.txt" />
  </ItemGroup>
  <ItemGroup>
    <ClInclude Include="WindowInfo.h">
      <Filter>Header Files\Engine\Init</Filter>
    </ClInclude>
    <ClInclude Include="ContextInfo.h">
      <Filter>Header Files\Engine\Init</Filter>
    </ClInclude>
    <ClInclude Include="FrameBufferInfo.h">
      <Filter>Header Files\Engine\Init</Filter>
    </ClInclude>
    <ClInclude Include="InitGlew.h">
      <Filter>Header Files\Engine\Init</Filter>
    </ClInclude>
    <ClInclude Include="InitGlut.h">
      <Filter>Header Files\Engine\Init</Filter>
    </ClInclude>
    <ClInclude Include="Model.h">
      <Filter>Header Files\Engine\Models</Filter>
    </ClInclude>
    <ClInclude Include="Triangle.h">
      <Filter>Header Files\Engine\Models</Filter>
    </ClInclude>
    <ClInclude Include="ModelsManager.h">
      <Filter>Header Files\Engine\Managers</Filter>
    </ClInclude>
    <ClInclude Include="SceneManager.h">
      <Filter>Header Files\Engine\Managers</Filter>
    </ClInclude>
    <ClInclude Include="ShaderManager.h">
      <Filter>Header Files\Engine\Managers</Filter>
    </ClInclude>
    <ClInclude Include="Quad.h">
      <Filter>Header Files\Engine\Models</Filter>
    </ClInclude>
    <ClInclude Include="DebugOutput.h">
      <Filter>Header Files\Engine\Init</Filter>
    </ClInclude>
    <ClInclude Include="BMPHeaders.h">
      <Filter>Header Files\Engine\Textures</Filter>
    </ClInclude>
    <ClInclude Include="TextureLoader.h">
      <Filter>Header Files\Engine\Textures</Filter>
    </ClInclude>
    <ClInclude Include="Engine.h">
      <Filter>Header Files\Engine</Filter>
    </ClInclude>
    <ClInclude Include="IGameObject.h">
      <Filter>Header Files\Engine</Filter>
    </ClInclude>
    <ClInclude Include="IListener.h">
      <Filter>Header Files\Engine</Filter>
    </ClInclude>
    <ClInclude Include="VertexFormat.h">
      <Filter>Header Files\Engine</Filter>
    </ClInclude>
    <ClInclude Include="Cube.h">
      <Filter>Header Files\DrawCube\Models</Filter>
    </ClInclude>
    <ClInclude Include="IndexedCube.h">
      <Filter>Header Files\DrawCube\Models</Filter>
    </ClInclude>
    <ClInclude Include="CubeTexture.h">
      <Filter>Header Files\DrawCube\Models</Filter>
    </ClInclude>
  </ItemGroup>
  <ItemGroup>
    <Image Include="SmileTexture.bmp">
      <Filter>Resource Files</Filter>
    </Image>
  </ItemGroup>
</Project>